
Microsoft Visual Studio Solution File, Format Version 12.00
# Visual Studio Version 17
VisualStudioVersion = 17.7.34031.279
MinimumVisualStudioVersion = 10.0.40219.1
Project("{FAE04EC0-301F-11D3-BF4B-00C04F79EFBC}") = "hw2_ex2_C#", "hw2_ex2_C#.csproj", "{90823E38-D705-4162-9854-97E2B7840943}"
EndProject
Global
	GlobalSection(SolutionConfigurationPlatforms) = preSolution
		Debug|Any CPU = Debug|Any CPU
		Release|Any CPU = Release|Any CPU
	EndGlobalSection
	GlobalSection(ProjectConfigurationPlatforms) = postSolution
		{90823E38-D705-4162-9854-97E2B7840943}.Debug|Any CPU.ActiveCfg = Debug|Any CPU
		{90823E38-D705-4162-9854-97E2B7840943}.Debug|Any CPU.Build.0 = Debug|Any CPU
		{90823E38-D705-4162-9854-97E2B7840943}.Release|Any CPU.ActiveCfg = Release|Any CPU
		{90823E38-D705-4162-9854-97E2B7840943}.Release|Any CPU.Build.0 = Release|Any CPU
	EndGlobalSection
	GlobalSection(SolutionProperties) = preSolution
		HideSolutionNode = FALSE
	EndGlobalSection
	GlobalSection(ExtensibilityGlobals) = postSolution
		SolutionGuid = {A2DCE53E-0747-46B3-A78C-C1410618E274}
	EndGlobalSection
EndGlobal
