
Microsoft Visual Studio Solution File, Format Version 12.00
# Visual Studio Version 17
VisualStudioVersion = 17.7.34031.279
MinimumVisualStudioVersion = 10.0.40219.1
Project("{FAE04EC0-301F-11D3-BF4B-00C04F79EFBC}") = "hw2_ex1_C#", "hw2_ex1_C#.csproj", "{6ACA38BD-E82E-47B4-B195-6F48EF20A059}"
EndProject
Global
	GlobalSection(SolutionConfigurationPlatforms) = preSolution
		Debug|Any CPU = Debug|Any CPU
		Release|Any CPU = Release|Any CPU
	EndGlobalSection
	GlobalSection(ProjectConfigurationPlatforms) = postSolution
		{6ACA38BD-E82E-47B4-B195-6F48EF20A059}.Debug|Any CPU.ActiveCfg = Debug|Any CPU
		{6ACA38BD-E82E-47B4-B195-6F48EF20A059}.Debug|Any CPU.Build.0 = Debug|Any CPU
		{6ACA38BD-E82E-47B4-B195-6F48EF20A059}.Release|Any CPU.ActiveCfg = Release|Any CPU
		{6ACA38BD-E82E-47B4-B195-6F48EF20A059}.Release|Any CPU.Build.0 = Release|Any CPU
	EndGlobalSection
	GlobalSection(SolutionProperties) = preSolution
		HideSolutionNode = FALSE
	EndGlobalSection
	GlobalSection(ExtensibilityGlobals) = postSolution
		SolutionGuid = {22805145-EA83-4717-A614-89F77EF48D6F}
	EndGlobalSection
EndGlobal
